
Microsoft Visual Studio Solution File, Format Version 12.00
# Visual Studio 14
VisualStudioVersion = 14.0.23107.0
MinimumVisualStudioVersion = 10.0.40219.1
Project("{FAE04EC0-301F-11D3-BF4B-00C04F79EFBC}") = "Arcserve.Exchange.FastTransferUtil", "Arcserve.Exchange.FastTransferUtil\Arcserve.Exchange.FastTransferUtil.csproj", "{C9772BC6-1490-4F35-AEC1-FD9D6ECAD194}"
EndProject
Project("{FAE04EC0-301F-11D3-BF4B-00C04F79EFBC}") = "Arcserve.Office365.Exchange", "Arcserve.Office365.Exchange\Arcserve.Office365.Exchange.csproj", "{454462CC-DAE8-48AB-B609-8EC07666F715}"
EndProject
Project("{FAE04EC0-301F-11D3-BF4B-00C04F79EFBC}") = "Arcserve.Office365.Exchange.Data", "Arcserve.Office365.Exchange.Data\Arcserve.Office365.Exchange.Data.csproj", "{2F89D7DA-1138-4E24-BED3-CAAF1DF77465}"
	ProjectSection(ProjectDependencies) = postProject
		{454462CC-DAE8-48AB-B609-8EC07666F715} = {454462CC-DAE8-48AB-B609-8EC07666F715}
	EndProjectSection
EndProject
Project("{FAE04EC0-301F-11D3-BF4B-00C04F79EFBC}") = "Arcserve.Office365.Exchange.DataProtect.Interface", "Arcserve.Office365.Exchange.DataProtect.Interface\Arcserve.Office365.Exchange.DataProtect.Interface.csproj", "{6F4D7EBE-74C0-4992-A95C-7CADB41F3590}"
	ProjectSection(ProjectDependencies) = postProject
		{B732DC73-83AF-4884-9D61-2661F7EE7E5F} = {B732DC73-83AF-4884-9D61-2661F7EE7E5F}
		{454462CC-DAE8-48AB-B609-8EC07666F715} = {454462CC-DAE8-48AB-B609-8EC07666F715}
		{2F89D7DA-1138-4E24-BED3-CAAF1DF77465} = {2F89D7DA-1138-4E24-BED3-CAAF1DF77465}
	EndProjectSection
EndProject
Project("{FAE04EC0-301F-11D3-BF4B-00C04F79EFBC}") = "Arcserve.Office365.Exchange.EwsApi", "Arcserve.Office365.Exchange.EwsApi\Arcserve.Office365.Exchange.EwsApi.csproj", "{B732DC73-83AF-4884-9D61-2661F7EE7E5F}"
	ProjectSection(ProjectDependencies) = postProject
		{454462CC-DAE8-48AB-B609-8EC07666F715} = {454462CC-DAE8-48AB-B609-8EC07666F715}
		{2F89D7DA-1138-4E24-BED3-CAAF1DF77465} = {2F89D7DA-1138-4E24-BED3-CAAF1DF77465}
	EndProjectSection
EndProject
Project("{FAE04EC0-301F-11D3-BF4B-00C04F79EFBC}") = "Arcserve.Office365.Exchange.DataProtect.Impl", "Arcserve.Office365.Exchange.DataProtect.Impl\Arcserve.Office365.Exchange.DataProtect.Impl.csproj", "{052F2D28-5E70-4D99-8E87-097357477B85}"
	ProjectSection(ProjectDependencies) = postProject
		{B732DC73-83AF-4884-9D61-2661F7EE7E5F} = {B732DC73-83AF-4884-9D61-2661F7EE7E5F}
		{6F4D7EBE-74C0-4992-A95C-7CADB41F3590} = {6F4D7EBE-74C0-4992-A95C-7CADB41F3590}
		{454462CC-DAE8-48AB-B609-8EC07666F715} = {454462CC-DAE8-48AB-B609-8EC07666F715}
		{2F89D7DA-1138-4E24-BED3-CAAF1DF77465} = {2F89D7DA-1138-4E24-BED3-CAAF1DF77465}
	EndProjectSection
EndProject
Project("{FAE04EC0-301F-11D3-BF4B-00C04F79EFBC}") = "Arcserve.Office365.Exchange.StorageAccess.MountSession", "Arcserve.Office365.Exchange.StorageAccess.MountSession\Arcserve.Office365.Exchange.StorageAccess.MountSession.csproj", "{B8023674-7877-41A0-8CA4-FD34509EB28B}"
	ProjectSection(ProjectDependencies) = postProject
		{B732DC73-83AF-4884-9D61-2661F7EE7E5F} = {B732DC73-83AF-4884-9D61-2661F7EE7E5F}
		{6F4D7EBE-74C0-4992-A95C-7CADB41F3590} = {6F4D7EBE-74C0-4992-A95C-7CADB41F3590}
		{454462CC-DAE8-48AB-B609-8EC07666F715} = {454462CC-DAE8-48AB-B609-8EC07666F715}
		{2F89D7DA-1138-4E24-BED3-CAAF1DF77465} = {2F89D7DA-1138-4E24-BED3-CAAF1DF77465}
	EndProjectSection
EndProject
Project("{FAE04EC0-301F-11D3-BF4B-00C04F79EFBC}") = "Arcserve.Office365.Exchange.DataProtect.Tool", "Arcserve.Office365.Exchange.DataProtect.Tool\Arcserve.Office365.Exchange.DataProtect.Tool.csproj", "{49BEE1FB-0140-4770-865F-92DB6871B5D2}"
	ProjectSection(ProjectDependencies) = postProject
		{052F2D28-5E70-4D99-8E87-097357477B85} = {052F2D28-5E70-4D99-8E87-097357477B85}
		{B732DC73-83AF-4884-9D61-2661F7EE7E5F} = {B732DC73-83AF-4884-9D61-2661F7EE7E5F}
		{B8023674-7877-41A0-8CA4-FD34509EB28B} = {B8023674-7877-41A0-8CA4-FD34509EB28B}
		{6F4D7EBE-74C0-4992-A95C-7CADB41F3590} = {6F4D7EBE-74C0-4992-A95C-7CADB41F3590}
		{454462CC-DAE8-48AB-B609-8EC07666F715} = {454462CC-DAE8-48AB-B609-8EC07666F715}
		{2F89D7DA-1138-4E24-BED3-CAAF1DF77465} = {2F89D7DA-1138-4E24-BED3-CAAF1DF77465}
	EndProjectSection
EndProject
Project("{2150E333-8FDC-42A3-9474-1A3956D46DE8}") = "99Test", "99Test", "{9B10F5EE-B9C7-4D3F-9880-E26023062286}"
EndProject
Project("{2150E333-8FDC-42A3-9474-1A3956D46DE8}") = "01Framework", "01Framework", "{D4598E67-38FC-456E-A741-80D05805DC08}"
EndProject
Project("{2150E333-8FDC-42A3-9474-1A3956D46DE8}") = "02Impl", "02Impl", "{D747E00D-65BD-44A3-B0C1-4DD9BFA7EE59}"
EndProject
Project("{2150E333-8FDC-42A3-9474-1A3956D46DE8}") = "03BuildMsg", "03BuildMsg", "{4A5DB015-17CB-43E3-9C90-CB6AD6325C40}"
EndProject
Project("{FAE04EC0-301F-11D3-BF4B-00C04F79EFBC}") = "Arcserve.Office365.Exchange.Test.Tool", "Test\Arcserve.Office365.Exchange.Test.Tool\Arcserve.Office365.Exchange.Test.Tool.csproj", "{288F5639-0A7B-4872-AA83-503898E46C3E}"
	ProjectSection(ProjectDependencies) = postProject
		{052F2D28-5E70-4D99-8E87-097357477B85} = {052F2D28-5E70-4D99-8E87-097357477B85}
		{B732DC73-83AF-4884-9D61-2661F7EE7E5F} = {B732DC73-83AF-4884-9D61-2661F7EE7E5F}
		{B8023674-7877-41A0-8CA4-FD34509EB28B} = {B8023674-7877-41A0-8CA4-FD34509EB28B}
		{6F4D7EBE-74C0-4992-A95C-7CADB41F3590} = {6F4D7EBE-74C0-4992-A95C-7CADB41F3590}
		{454462CC-DAE8-48AB-B609-8EC07666F715} = {454462CC-DAE8-48AB-B609-8EC07666F715}
		{2F89D7DA-1138-4E24-BED3-CAAF1DF77465} = {2F89D7DA-1138-4E24-BED3-CAAF1DF77465}
		{49BEE1FB-0140-4770-865F-92DB6871B5D2} = {49BEE1FB-0140-4770-865F-92DB6871B5D2}
	EndProjectSection
EndProject
Project("{FAE04EC0-301F-11D3-BF4B-00C04F79EFBC}") = "ExGrtAzure.Tests", "Test\ExGrtAzure.Tests\ExGrtAzure.Tests.csproj", "{2B31A236-7969-46C8-81D9-5DF2E2777D40}"
	ProjectSection(ProjectDependencies) = postProject
		{052F2D28-5E70-4D99-8E87-097357477B85} = {052F2D28-5E70-4D99-8E87-097357477B85}
		{B732DC73-83AF-4884-9D61-2661F7EE7E5F} = {B732DC73-83AF-4884-9D61-2661F7EE7E5F}
		{B8023674-7877-41A0-8CA4-FD34509EB28B} = {B8023674-7877-41A0-8CA4-FD34509EB28B}
		{6F4D7EBE-74C0-4992-A95C-7CADB41F3590} = {6F4D7EBE-74C0-4992-A95C-7CADB41F3590}
		{454462CC-DAE8-48AB-B609-8EC07666F715} = {454462CC-DAE8-48AB-B609-8EC07666F715}
		{2F89D7DA-1138-4E24-BED3-CAAF1DF77465} = {2F89D7DA-1138-4E24-BED3-CAAF1DF77465}
	EndProjectSection
EndProject
Project("{FAE04EC0-301F-11D3-BF4B-00C04F79EFBC}") = "FastTransferTest", "Test\FastTransferTest\FastTransferTest.csproj", "{07384685-2222-4085-92A5-81E1B6787C9C}"
EndProject
Project("{FAE04EC0-301F-11D3-BF4B-00C04F79EFBC}") = "ManagerTest", "Test\ManagerTest\ManagerTest.csproj", "{5DB68818-EDA4-42DF-8565-A17FE2AD763E}"
EndProject
Global
	GlobalSection(SolutionConfigurationPlatforms) = preSolution
		Debug|Any CPU = Debug|Any CPU
		Debug|x64 = Debug|x64
		Debug|x86 = Debug|x86
		Release|Any CPU = Release|Any CPU
		Release|x64 = Release|x64
		Release|x86 = Release|x86
	EndGlobalSection
	GlobalSection(ProjectConfigurationPlatforms) = postSolution
		{C9772BC6-1490-4F35-AEC1-FD9D6ECAD194}.Debug|Any CPU.ActiveCfg = Debug|Any CPU
		{C9772BC6-1490-4F35-AEC1-FD9D6ECAD194}.Debug|Any CPU.Build.0 = Debug|Any CPU
		{C9772BC6-1490-4F35-AEC1-FD9D6ECAD194}.Debug|x64.ActiveCfg = Debug|x64
		{C9772BC6-1490-4F35-AEC1-FD9D6ECAD194}.Debug|x64.Build.0 = Debug|x64
		{C9772BC6-1490-4F35-AEC1-FD9D6ECAD194}.Debug|x86.ActiveCfg = Debug|x86
		{C9772BC6-1490-4F35-AEC1-FD9D6ECAD194}.Debug|x86.Build.0 = Debug|x86
		{C9772BC6-1490-4F35-AEC1-FD9D6ECAD194}.Release|Any CPU.ActiveCfg = Release|Any CPU
		{C9772BC6-1490-4F35-AEC1-FD9D6ECAD194}.Release|Any CPU.Build.0 = Release|Any CPU
		{C9772BC6-1490-4F35-AEC1-FD9D6ECAD194}.Release|x64.ActiveCfg = Release|x64
		{C9772BC6-1490-4F35-AEC1-FD9D6ECAD194}.Release|x64.Build.0 = Release|x64
		{C9772BC6-1490-4F35-AEC1-FD9D6ECAD194}.Release|x86.ActiveCfg = Release|x86
		{C9772BC6-1490-4F35-AEC1-FD9D6ECAD194}.Release|x86.Build.0 = Release|x86
		{454462CC-DAE8-48AB-B609-8EC07666F715}.Debug|Any CPU.ActiveCfg = Debug|Any CPU
		{454462CC-DAE8-48AB-B609-8EC07666F715}.Debug|Any CPU.Build.0 = Debug|Any CPU
		{454462CC-DAE8-48AB-B609-8EC07666F715}.Debug|x64.ActiveCfg = Debug|x64
		{454462CC-DAE8-48AB-B609-8EC07666F715}.Debug|x64.Build.0 = Debug|x64
		{454462CC-DAE8-48AB-B609-8EC07666F715}.Debug|x86.ActiveCfg = Debug|x86
		{454462CC-DAE8-48AB-B609-8EC07666F715}.Debug|x86.Build.0 = Debug|x86
		{454462CC-DAE8-48AB-B609-8EC07666F715}.Release|Any CPU.ActiveCfg = Release|Any CPU
		{454462CC-DAE8-48AB-B609-8EC07666F715}.Release|Any CPU.Build.0 = Release|Any CPU
		{454462CC-DAE8-48AB-B609-8EC07666F715}.Release|x64.ActiveCfg = Release|x64
		{454462CC-DAE8-48AB-B609-8EC07666F715}.Release|x64.Build.0 = Release|x64
		{454462CC-DAE8-48AB-B609-8EC07666F715}.Release|x86.ActiveCfg = Release|x86
		{454462CC-DAE8-48AB-B609-8EC07666F715}.Release|x86.Build.0 = Release|x86
		{2F89D7DA-1138-4E24-BED3-CAAF1DF77465}.Debug|Any CPU.ActiveCfg = Debug|Any CPU
		{2F89D7DA-1138-4E24-BED3-CAAF1DF77465}.Debug|Any CPU.Build.0 = Debug|Any CPU
		{2F89D7DA-1138-4E24-BED3-CAAF1DF77465}.Debug|x64.ActiveCfg = Debug|x64
		{2F89D7DA-1138-4E24-BED3-CAAF1DF77465}.Debug|x64.Build.0 = Debug|x64
		{2F89D7DA-1138-4E24-BED3-CAAF1DF77465}.Debug|x86.ActiveCfg = Debug|x86
		{2F89D7DA-1138-4E24-BED3-CAAF1DF77465}.Debug|x86.Build.0 = Debug|x86
		{2F89D7DA-1138-4E24-BED3-CAAF1DF77465}.Release|Any CPU.ActiveCfg = Release|Any CPU
		{2F89D7DA-1138-4E24-BED3-CAAF1DF77465}.Release|Any CPU.Build.0 = Release|Any CPU
		{2F89D7DA-1138-4E24-BED3-CAAF1DF77465}.Release|x64.ActiveCfg = Release|x64
		{2F89D7DA-1138-4E24-BED3-CAAF1DF77465}.Release|x64.Build.0 = Release|x64
		{2F89D7DA-1138-4E24-BED3-CAAF1DF77465}.Release|x86.ActiveCfg = Release|x86
		{2F89D7DA-1138-4E24-BED3-CAAF1DF77465}.Release|x86.Build.0 = Release|x86
		{6F4D7EBE-74C0-4992-A95C-7CADB41F3590}.Debug|Any CPU.ActiveCfg = Debug|Any CPU
		{6F4D7EBE-74C0-4992-A95C-7CADB41F3590}.Debug|Any CPU.Build.0 = Debug|Any CPU
		{6F4D7EBE-74C0-4992-A95C-7CADB41F3590}.Debug|x64.ActiveCfg = Debug|x64
		{6F4D7EBE-74C0-4992-A95C-7CADB41F3590}.Debug|x64.Build.0 = Debug|x64
		{6F4D7EBE-74C0-4992-A95C-7CADB41F3590}.Debug|x86.ActiveCfg = Debug|x86
		{6F4D7EBE-74C0-4992-A95C-7CADB41F3590}.Debug|x86.Build.0 = Debug|x86
		{6F4D7EBE-74C0-4992-A95C-7CADB41F3590}.Release|Any CPU.ActiveCfg = Release|Any CPU
		{6F4D7EBE-74C0-4992-A95C-7CADB41F3590}.Release|Any CPU.Build.0 = Release|Any CPU
		{6F4D7EBE-74C0-4992-A95C-7CADB41F3590}.Release|x64.ActiveCfg = Release|x64
		{6F4D7EBE-74C0-4992-A95C-7CADB41F3590}.Release|x64.Build.0 = Release|x64
		{6F4D7EBE-74C0-4992-A95C-7CADB41F3590}.Release|x86.ActiveCfg = Release|x86
		{6F4D7EBE-74C0-4992-A95C-7CADB41F3590}.Release|x86.Build.0 = Release|x86
		{B732DC73-83AF-4884-9D61-2661F7EE7E5F}.Debug|Any CPU.ActiveCfg = Debug|Any CPU
		{B732DC73-83AF-4884-9D61-2661F7EE7E5F}.Debug|Any CPU.Build.0 = Debug|Any CPU
		{B732DC73-83AF-4884-9D61-2661F7EE7E5F}.Debug|x64.ActiveCfg = Debug|x64
		{B732DC73-83AF-4884-9D61-2661F7EE7E5F}.Debug|x64.Build.0 = Debug|x64
		{B732DC73-83AF-4884-9D61-2661F7EE7E5F}.Debug|x86.ActiveCfg = Debug|x86
		{B732DC73-83AF-4884-9D61-2661F7EE7E5F}.Debug|x86.Build.0 = Debug|x86
		{B732DC73-83AF-4884-9D61-2661F7EE7E5F}.Release|Any CPU.ActiveCfg = Release|Any CPU
		{B732DC73-83AF-4884-9D61-2661F7EE7E5F}.Release|Any CPU.Build.0 = Release|Any CPU
		{B732DC73-83AF-4884-9D61-2661F7EE7E5F}.Release|x64.ActiveCfg = Release|x64
		{B732DC73-83AF-4884-9D61-2661F7EE7E5F}.Release|x64.Build.0 = Release|x64
		{B732DC73-83AF-4884-9D61-2661F7EE7E5F}.Release|x86.ActiveCfg = Release|x86
		{B732DC73-83AF-4884-9D61-2661F7EE7E5F}.Release|x86.Build.0 = Release|x86
		{052F2D28-5E70-4D99-8E87-097357477B85}.Debug|Any CPU.ActiveCfg = Debug|Any CPU
		{052F2D28-5E70-4D99-8E87-097357477B85}.Debug|Any CPU.Build.0 = Debug|Any CPU
		{052F2D28-5E70-4D99-8E87-097357477B85}.Debug|x64.ActiveCfg = Debug|x64
		{052F2D28-5E70-4D99-8E87-097357477B85}.Debug|x64.Build.0 = Debug|x64
		{052F2D28-5E70-4D99-8E87-097357477B85}.Debug|x86.ActiveCfg = Debug|x86
		{052F2D28-5E70-4D99-8E87-097357477B85}.Debug|x86.Build.0 = Debug|x86
		{052F2D28-5E70-4D99-8E87-097357477B85}.Release|Any CPU.ActiveCfg = Release|Any CPU
		{052F2D28-5E70-4D99-8E87-097357477B85}.Release|Any CPU.Build.0 = Release|Any CPU
		{052F2D28-5E70-4D99-8E87-097357477B85}.Release|x64.ActiveCfg = Release|x64
		{052F2D28-5E70-4D99-8E87-097357477B85}.Release|x64.Build.0 = Release|x64
		{052F2D28-5E70-4D99-8E87-097357477B85}.Release|x86.ActiveCfg = Release|x86
		{052F2D28-5E70-4D99-8E87-097357477B85}.Release|x86.Build.0 = Release|x86
		{B8023674-7877-41A0-8CA4-FD34509EB28B}.Debug|Any CPU.ActiveCfg = Debug|Any CPU
		{B8023674-7877-41A0-8CA4-FD34509EB28B}.Debug|Any CPU.Build.0 = Debug|Any CPU
		{B8023674-7877-41A0-8CA4-FD34509EB28B}.Debug|x64.ActiveCfg = Debug|x64
		{B8023674-7877-41A0-8CA4-FD34509EB28B}.Debug|x64.Build.0 = Debug|x64
		{B8023674-7877-41A0-8CA4-FD34509EB28B}.Debug|x86.ActiveCfg = Debug|x86
		{B8023674-7877-41A0-8CA4-FD34509EB28B}.Debug|x86.Build.0 = Debug|x86
		{B8023674-7877-41A0-8CA4-FD34509EB28B}.Release|Any CPU.ActiveCfg = Release|Any CPU
		{B8023674-7877-41A0-8CA4-FD34509EB28B}.Release|Any CPU.Build.0 = Release|Any CPU
		{B8023674-7877-41A0-8CA4-FD34509EB28B}.Release|x64.ActiveCfg = Release|x64
		{B8023674-7877-41A0-8CA4-FD34509EB28B}.Release|x64.Build.0 = Release|x64
		{B8023674-7877-41A0-8CA4-FD34509EB28B}.Release|x86.ActiveCfg = Release|x86
		{B8023674-7877-41A0-8CA4-FD34509EB28B}.Release|x86.Build.0 = Release|x86
		{49BEE1FB-0140-4770-865F-92DB6871B5D2}.Debug|Any CPU.ActiveCfg = Debug|Any CPU
		{49BEE1FB-0140-4770-865F-92DB6871B5D2}.Debug|Any CPU.Build.0 = Debug|Any CPU
		{49BEE1FB-0140-4770-865F-92DB6871B5D2}.Debug|x64.ActiveCfg = Debug|x64
		{49BEE1FB-0140-4770-865F-92DB6871B5D2}.Debug|x64.Build.0 = Debug|x64
		{49BEE1FB-0140-4770-865F-92DB6871B5D2}.Debug|x86.ActiveCfg = Debug|x86
		{49BEE1FB-0140-4770-865F-92DB6871B5D2}.Debug|x86.Build.0 = Debug|x86
		{49BEE1FB-0140-4770-865F-92DB6871B5D2}.Release|Any CPU.ActiveCfg = Release|Any CPU
		{49BEE1FB-0140-4770-865F-92DB6871B5D2}.Release|Any CPU.Build.0 = Release|Any CPU
		{49BEE1FB-0140-4770-865F-92DB6871B5D2}.Release|x64.ActiveCfg = Release|x64
		{49BEE1FB-0140-4770-865F-92DB6871B5D2}.Release|x64.Build.0 = Release|x64
		{49BEE1FB-0140-4770-865F-92DB6871B5D2}.Release|x86.ActiveCfg = Release|x86
		{49BEE1FB-0140-4770-865F-92DB6871B5D2}.Release|x86.Build.0 = Release|x86
		{288F5639-0A7B-4872-AA83-503898E46C3E}.Debug|Any CPU.ActiveCfg = Debug|Any CPU
		{288F5639-0A7B-4872-AA83-503898E46C3E}.Debug|Any CPU.Build.0 = Debug|Any CPU
		{288F5639-0A7B-4872-AA83-503898E46C3E}.Debug|x64.ActiveCfg = Debug|x64
		{288F5639-0A7B-4872-AA83-503898E46C3E}.Debug|x64.Build.0 = Debug|x64
		{288F5639-0A7B-4872-AA83-503898E46C3E}.Debug|x86.ActiveCfg = Debug|x86
		{288F5639-0A7B-4872-AA83-503898E46C3E}.Debug|x86.Build.0 = Debug|x86
		{288F5639-0A7B-4872-AA83-503898E46C3E}.Release|Any CPU.ActiveCfg = Release|Any CPU
		{288F5639-0A7B-4872-AA83-503898E46C3E}.Release|Any CPU.Build.0 = Release|Any CPU
		{288F5639-0A7B-4872-AA83-503898E46C3E}.Release|x64.ActiveCfg = Release|x64
		{288F5639-0A7B-4872-AA83-503898E46C3E}.Release|x64.Build.0 = Release|x64
		{288F5639-0A7B-4872-AA83-503898E46C3E}.Release|x86.ActiveCfg = Release|x86
		{288F5639-0A7B-4872-AA83-503898E46C3E}.Release|x86.Build.0 = Release|x86
		{2B31A236-7969-46C8-81D9-5DF2E2777D40}.Debug|Any CPU.ActiveCfg = Debug|Any CPU
		{2B31A236-7969-46C8-81D9-5DF2E2777D40}.Debug|Any CPU.Build.0 = Debug|Any CPU
		{2B31A236-7969-46C8-81D9-5DF2E2777D40}.Debug|x64.ActiveCfg = Debug|x64
		{2B31A236-7969-46C8-81D9-5DF2E2777D40}.Debug|x64.Build.0 = Debug|x64
		{2B31A236-7969-46C8-81D9-5DF2E2777D40}.Debug|x86.ActiveCfg = Debug|x86
		{2B31A236-7969-46C8-81D9-5DF2E2777D40}.Debug|x86.Build.0 = Debug|x86
		{2B31A236-7969-46C8-81D9-5DF2E2777D40}.Release|Any CPU.ActiveCfg = Release|Any CPU
		{2B31A236-7969-46C8-81D9-5DF2E2777D40}.Release|Any CPU.Build.0 = Release|Any CPU
		{2B31A236-7969-46C8-81D9-5DF2E2777D40}.Release|x64.ActiveCfg = Release|x64
		{2B31A236-7969-46C8-81D9-5DF2E2777D40}.Release|x64.Build.0 = Release|x64
		{2B31A236-7969-46C8-81D9-5DF2E2777D40}.Release|x86.ActiveCfg = Release|x86
		{2B31A236-7969-46C8-81D9-5DF2E2777D40}.Release|x86.Build.0 = Release|x86
		{07384685-2222-4085-92A5-81E1B6787C9C}.Debug|Any CPU.ActiveCfg = Debug|Any CPU
		{07384685-2222-4085-92A5-81E1B6787C9C}.Debug|Any CPU.Build.0 = Debug|Any CPU
		{07384685-2222-4085-92A5-81E1B6787C9C}.Debug|x64.ActiveCfg = Debug|x64
		{07384685-2222-4085-92A5-81E1B6787C9C}.Debug|x64.Build.0 = Debug|x64
		{07384685-2222-4085-92A5-81E1B6787C9C}.Debug|x86.ActiveCfg = Debug|x86
		{07384685-2222-4085-92A5-81E1B6787C9C}.Debug|x86.Build.0 = Debug|x86
		{07384685-2222-4085-92A5-81E1B6787C9C}.Release|Any CPU.ActiveCfg = Release|Any CPU
		{07384685-2222-4085-92A5-81E1B6787C9C}.Release|Any CPU.Build.0 = Release|Any CPU
		{07384685-2222-4085-92A5-81E1B6787C9C}.Release|x64.ActiveCfg = Release|x64
		{07384685-2222-4085-92A5-81E1B6787C9C}.Release|x64.Build.0 = Release|x64
		{07384685-2222-4085-92A5-81E1B6787C9C}.Release|x86.ActiveCfg = Release|x86
		{07384685-2222-4085-92A5-81E1B6787C9C}.Release|x86.Build.0 = Release|x86
		{5DB68818-EDA4-42DF-8565-A17FE2AD763E}.Debug|Any CPU.ActiveCfg = Debug|Any CPU
		{5DB68818-EDA4-42DF-8565-A17FE2AD763E}.Debug|Any CPU.Build.0 = Debug|Any CPU
		{5DB68818-EDA4-42DF-8565-A17FE2AD763E}.Debug|x64.ActiveCfg = Debug|x64
		{5DB68818-EDA4-42DF-8565-A17FE2AD763E}.Debug|x64.Build.0 = Debug|x64
		{5DB68818-EDA4-42DF-8565-A17FE2AD763E}.Debug|x86.ActiveCfg = Debug|x86
		{5DB68818-EDA4-42DF-8565-A17FE2AD763E}.Debug|x86.Build.0 = Debug|x86
		{5DB68818-EDA4-42DF-8565-A17FE2AD763E}.Release|Any CPU.ActiveCfg = Release|Any CPU
		{5DB68818-EDA4-42DF-8565-A17FE2AD763E}.Release|Any CPU.Build.0 = Release|Any CPU
		{5DB68818-EDA4-42DF-8565-A17FE2AD763E}.Release|x64.ActiveCfg = Release|x64
		{5DB68818-EDA4-42DF-8565-A17FE2AD763E}.Release|x64.Build.0 = Release|x64
		{5DB68818-EDA4-42DF-8565-A17FE2AD763E}.Release|x86.ActiveCfg = Release|x86
		{5DB68818-EDA4-42DF-8565-A17FE2AD763E}.Release|x86.Build.0 = Release|x86
	EndGlobalSection
	GlobalSection(SolutionProperties) = preSolution
		HideSolutionNode = FALSE
	EndGlobalSection
	GlobalSection(NestedProjects) = preSolution
		{C9772BC6-1490-4F35-AEC1-FD9D6ECAD194} = {4A5DB015-17CB-43E3-9C90-CB6AD6325C40}
		{454462CC-DAE8-48AB-B609-8EC07666F715} = {D4598E67-38FC-456E-A741-80D05805DC08}
		{2F89D7DA-1138-4E24-BED3-CAAF1DF77465} = {D4598E67-38FC-456E-A741-80D05805DC08}
		{6F4D7EBE-74C0-4992-A95C-7CADB41F3590} = {D4598E67-38FC-456E-A741-80D05805DC08}
		{B732DC73-83AF-4884-9D61-2661F7EE7E5F} = {D4598E67-38FC-456E-A741-80D05805DC08}
		{052F2D28-5E70-4D99-8E87-097357477B85} = {D747E00D-65BD-44A3-B0C1-4DD9BFA7EE59}
		{B8023674-7877-41A0-8CA4-FD34509EB28B} = {D747E00D-65BD-44A3-B0C1-4DD9BFA7EE59}
		{288F5639-0A7B-4872-AA83-503898E46C3E} = {9B10F5EE-B9C7-4D3F-9880-E26023062286}
		{2B31A236-7969-46C8-81D9-5DF2E2777D40} = {9B10F5EE-B9C7-4D3F-9880-E26023062286}
		{07384685-2222-4085-92A5-81E1B6787C9C} = {9B10F5EE-B9C7-4D3F-9880-E26023062286}
		{5DB68818-EDA4-42DF-8565-A17FE2AD763E} = {9B10F5EE-B9C7-4D3F-9880-E26023062286}
	EndGlobalSection
EndGlobal
