
Microsoft Visual Studio Solution File, Format Version 12.00
# Visual Studio 14
VisualStudioVersion = 14.0.23107.0
MinimumVisualStudioVersion = 10.0.40219.1
Project("{FAE04EC0-301F-11D3-BF4B-00C04F79EFBC}") = "ExGrtAzure", "ExGrtAzure\ExGrtAzure.csproj", "{90E0E3A4-A4C6-48DA-8DF4-BDE73B8E88C6}"
EndProject
Project("{FAE04EC0-301F-11D3-BF4B-00C04F79EFBC}") = "ExGrtAzure.Tests", "ExGrtAzure.Tests\ExGrtAzure.Tests.csproj", "{2B31A236-7969-46C8-81D9-5DF2E2777D40}"
EndProject
Project("{2150E333-8FDC-42A3-9474-1A3956D46DE8}") = "PublishScripts", "PublishScripts", "{A120D899-0873-47A9-89EC-E376C1B849D0}"
EndProject
Project("{2150E333-8FDC-42A3-9474-1A3956D46DE8}") = "Scripts", "Scripts", "{6C5AE969-40AD-47CD-99BE-50D4E72AC126}"
	ProjectSection(SolutionItems) = preProject
		PublishScripts\Scripts\Deploy-AzureResourceGroup.ps1 = PublishScripts\Scripts\Deploy-AzureResourceGroup.ps1
	EndProjectSection
EndProject
Project("{2150E333-8FDC-42A3-9474-1A3956D46DE8}") = "Templates", "Templates", "{51948AAD-B7F2-460A-BC2B-CAAC090ECDFD}"
	ProjectSection(SolutionItems) = preProject
		PublishScripts\Templates\ExGrtAzure.json = PublishScripts\Templates\ExGrtAzure.json
		PublishScripts\Templates\ExGrtAzure.param.dev.json = PublishScripts\Templates\ExGrtAzure.param.dev.json
	EndProjectSection
EndProject
Project("{2150E333-8FDC-42A3-9474-1A3956D46DE8}") = "01 Interface", "01 Interface", "{2D4C5DEA-3522-4C5B-A1C4-65376131C0B8}"
EndProject
Project("{2150E333-8FDC-42A3-9474-1A3956D46DE8}") = "02 Impl", "02 Impl", "{A401AF48-549D-4F0F-8E29-200229C96030}"
EndProject
Project("{FAE04EC0-301F-11D3-BF4B-00C04F79EFBC}") = "DataProtectInterface", "DataProtectInterface\DataProtectInterface.csproj", "{F8783799-5D60-441F-A3B6-FFDAAE476A12}"
EndProject
Project("{FAE04EC0-301F-11D3-BF4B-00C04F79EFBC}") = "EwsDataInterface", "EwsDataInterface\EwsDataInterface.csproj", "{943FA512-7DE9-47D2-9F9A-5E1DC1628F8E}"
EndProject
Project("{FAE04EC0-301F-11D3-BF4B-00C04F79EFBC}") = "DataProtectImpl", "DataProtectImpl\DataProtectImpl.csproj", "{6E5DDA9F-569B-46C9-9920-AB0166517421}"
EndProject
Project("{FAE04EC0-301F-11D3-BF4B-00C04F79EFBC}") = "TableBlobImpl", "TableBlobImpl\TableBlobImpl.csproj", "{788250C1-488F-49CD-8B16-05E2D7A7A245}"
EndProject
Project("{FAE04EC0-301F-11D3-BF4B-00C04F79EFBC}") = "EwsService", "EwsService\EwsService.csproj", "{7737CC80-0266-4ED8-B265-628A9B0DFBCB}"
EndProject
Project("{FAE04EC0-301F-11D3-BF4B-00C04F79EFBC}") = "LogInterface", "LogInterface\LogInterface.csproj", "{ED66D5C0-8D87-4DD6-9E6C-7D21B5BB8585}"
EndProject
Project("{FAE04EC0-301F-11D3-BF4B-00C04F79EFBC}") = "EwsFrame", "EwsFactory\EwsFrame.csproj", "{16A3FA6C-9796-4072-B4FA-CA7DC33BAC00}"
EndProject
Project("{FAE04EC0-301F-11D3-BF4B-00C04F79EFBC}") = "EwsServiceInterface", "EwsServiceInterface\EwsServiceInterface.csproj", "{EC82B108-4A69-4517-966B-328CF90ED3B5}"
EndProject
Project("{FAE04EC0-301F-11D3-BF4B-00C04F79EFBC}") = "SqlDbImpl", "SqlDbImpl\SqlDbImpl.csproj", "{F2A93DB3-B506-49C0-A576-70836DDE9E86}"
EndProject
Project("{FAE04EC0-301F-11D3-BF4B-00C04F79EFBC}") = "LoginTest", "LoginTest\LoginTest.csproj", "{B95E802B-B326-4672-9D5C-EFEBDB9B8775}"
	ProjectSection(ProjectDependencies) = postProject
		{37AF831F-CE50-4C6C-B211-E86B6E3138E8} = {37AF831F-CE50-4C6C-B211-E86B6E3138E8}
		{7737CC80-0266-4ED8-B265-628A9B0DFBCB} = {7737CC80-0266-4ED8-B265-628A9B0DFBCB}
		{6E5DDA9F-569B-46C9-9920-AB0166517421} = {6E5DDA9F-569B-46C9-9920-AB0166517421}
		{724571A8-BF45-4EFE-AB1E-BB065201513B} = {724571A8-BF45-4EFE-AB1E-BB065201513B}
		{F2A93DB3-B506-49C0-A576-70836DDE9E86} = {F2A93DB3-B506-49C0-A576-70836DDE9E86}
		{ED66D5C0-8D87-4DD6-9E6C-7D21B5BB8585} = {ED66D5C0-8D87-4DD6-9E6C-7D21B5BB8585}
	EndProjectSection
EndProject
Project("{FAE04EC0-301F-11D3-BF4B-00C04F79EFBC}") = "LogImpl", "LogImpl\LogImpl.csproj", "{37AF831F-CE50-4C6C-B211-E86B6E3138E8}"
EndProject
Project("{FAE04EC0-301F-11D3-BF4B-00C04F79EFBC}") = "RestoreUIDemo", "..\..\..\01Study\01MVC\Demo\Demo\RestoreUIDemo.csproj", "{8EE02A21-8CD8-40D7-957C-D2E73407B217}"
EndProject
Project("{FAE04EC0-301F-11D3-BF4B-00C04F79EFBC}") = "EntityFrameworkTest", "EntityFrameworkTest\EntityFrameworkTest.csproj", "{10278F9E-4134-4A77-A906-A69D077DF153}"
EndProject
Project("{2150E333-8FDC-42A3-9474-1A3956D46DE8}") = "03 CompoundFile", "03 CompoundFile", "{11F6266A-55B0-4F9B-B1EA-382E3E5E2D82}"
EndProject
Project("{FAE04EC0-301F-11D3-BF4B-00C04F79EFBC}") = "MsgFileBuildTest", "..\..\ParseItemFromEWSExportFunction\Call_CSharp_COM\MsgFileBuildTest\MsgFileBuildTest.csproj", "{07384685-2222-4085-92A5-81E1B6787C9C}"
EndProject
Project("{FAE04EC0-301F-11D3-BF4B-00C04F79EFBC}") = "FastTransferUtil", "..\..\ParseItemFromEWSExportFunction\FastTransferUtil\FastTransferUtil.csproj", "{724571A8-BF45-4EFE-AB1E-BB065201513B}"
EndProject
Project("{CC5FD16D-436D-48AD-A40C-5A424C6E3E79}") = "Office365Protect", "Office365Protect\Office365Protect.ccproj", "{B5808EA5-FE44-450B-9159-FFE411112DE2}"
EndProject
Project("{FAE04EC0-301F-11D3-BF4B-00C04F79EFBC}") = "WebRoleUI", "WebRoleUI\WebRoleUI.csproj", "{DB548580-24D9-4317-8568-83E762BB6A86}"
EndProject
Project("{FAE04EC0-301F-11D3-BF4B-00C04F79EFBC}") = "WorkerRoleWithSBQueue", "WorkerRoleWithSBQueue\WorkerRoleWithSBQueue.csproj", "{1BF36FA3-1C61-4F16-8825-1415ADB550A0}"
EndProject
Project("{2150E333-8FDC-42A3-9474-1A3956D46DE8}") = "99 Test", "99 Test", "{32AB61D8-ED46-45C4-9E91-DF5FDAE7849B}"
EndProject
Project("{2150E333-8FDC-42A3-9474-1A3956D46DE8}") = "05 CloudService", "05 CloudService", "{E3FFFB41-8FC8-46D7-A357-0E3C9AFBD84C}"
EndProject
Project("{2150E333-8FDC-42A3-9474-1A3956D46DE8}") = "04 Web Site", "04 Web Site", "{11F8D542-D4BA-4F43-AA44-27A1DFCE2F63}"
EndProject
Project("{FAE04EC0-301F-11D3-BF4B-00C04F79EFBC}") = "ManagerTest", "ManagerTest\ManagerTest.csproj", "{5DB68818-EDA4-42DF-8565-A17FE2AD763E}"
EndProject
Global
	GlobalSection(SolutionConfigurationPlatforms) = preSolution
		Debug|Any CPU = Debug|Any CPU
		Release|Any CPU = Release|Any CPU
	EndGlobalSection
	GlobalSection(ProjectConfigurationPlatforms) = postSolution
		{90E0E3A4-A4C6-48DA-8DF4-BDE73B8E88C6}.Debug|Any CPU.ActiveCfg = Debug|Any CPU
		{90E0E3A4-A4C6-48DA-8DF4-BDE73B8E88C6}.Debug|Any CPU.Build.0 = Debug|Any CPU
		{90E0E3A4-A4C6-48DA-8DF4-BDE73B8E88C6}.Release|Any CPU.ActiveCfg = Release|Any CPU
		{90E0E3A4-A4C6-48DA-8DF4-BDE73B8E88C6}.Release|Any CPU.Build.0 = Release|Any CPU
		{2B31A236-7969-46C8-81D9-5DF2E2777D40}.Debug|Any CPU.ActiveCfg = Debug|Any CPU
		{2B31A236-7969-46C8-81D9-5DF2E2777D40}.Debug|Any CPU.Build.0 = Debug|Any CPU
		{2B31A236-7969-46C8-81D9-5DF2E2777D40}.Release|Any CPU.ActiveCfg = Release|Any CPU
		{2B31A236-7969-46C8-81D9-5DF2E2777D40}.Release|Any CPU.Build.0 = Release|Any CPU
		{F8783799-5D60-441F-A3B6-FFDAAE476A12}.Debug|Any CPU.ActiveCfg = Debug|Any CPU
		{F8783799-5D60-441F-A3B6-FFDAAE476A12}.Debug|Any CPU.Build.0 = Debug|Any CPU
		{F8783799-5D60-441F-A3B6-FFDAAE476A12}.Release|Any CPU.ActiveCfg = Release|Any CPU
		{F8783799-5D60-441F-A3B6-FFDAAE476A12}.Release|Any CPU.Build.0 = Release|Any CPU
		{943FA512-7DE9-47D2-9F9A-5E1DC1628F8E}.Debug|Any CPU.ActiveCfg = Debug|Any CPU
		{943FA512-7DE9-47D2-9F9A-5E1DC1628F8E}.Debug|Any CPU.Build.0 = Debug|Any CPU
		{943FA512-7DE9-47D2-9F9A-5E1DC1628F8E}.Release|Any CPU.ActiveCfg = Release|Any CPU
		{943FA512-7DE9-47D2-9F9A-5E1DC1628F8E}.Release|Any CPU.Build.0 = Release|Any CPU
		{6E5DDA9F-569B-46C9-9920-AB0166517421}.Debug|Any CPU.ActiveCfg = Debug|Any CPU
		{6E5DDA9F-569B-46C9-9920-AB0166517421}.Debug|Any CPU.Build.0 = Debug|Any CPU
		{6E5DDA9F-569B-46C9-9920-AB0166517421}.Release|Any CPU.ActiveCfg = Release|Any CPU
		{6E5DDA9F-569B-46C9-9920-AB0166517421}.Release|Any CPU.Build.0 = Release|Any CPU
		{788250C1-488F-49CD-8B16-05E2D7A7A245}.Debug|Any CPU.ActiveCfg = Debug|Any CPU
		{788250C1-488F-49CD-8B16-05E2D7A7A245}.Debug|Any CPU.Build.0 = Debug|Any CPU
		{788250C1-488F-49CD-8B16-05E2D7A7A245}.Release|Any CPU.ActiveCfg = Release|Any CPU
		{788250C1-488F-49CD-8B16-05E2D7A7A245}.Release|Any CPU.Build.0 = Release|Any CPU
		{7737CC80-0266-4ED8-B265-628A9B0DFBCB}.Debug|Any CPU.ActiveCfg = Debug|Any CPU
		{7737CC80-0266-4ED8-B265-628A9B0DFBCB}.Debug|Any CPU.Build.0 = Debug|Any CPU
		{7737CC80-0266-4ED8-B265-628A9B0DFBCB}.Release|Any CPU.ActiveCfg = Release|Any CPU
		{7737CC80-0266-4ED8-B265-628A9B0DFBCB}.Release|Any CPU.Build.0 = Release|Any CPU
		{ED66D5C0-8D87-4DD6-9E6C-7D21B5BB8585}.Debug|Any CPU.ActiveCfg = Debug|Any CPU
		{ED66D5C0-8D87-4DD6-9E6C-7D21B5BB8585}.Debug|Any CPU.Build.0 = Debug|Any CPU
		{ED66D5C0-8D87-4DD6-9E6C-7D21B5BB8585}.Release|Any CPU.ActiveCfg = Release|Any CPU
		{ED66D5C0-8D87-4DD6-9E6C-7D21B5BB8585}.Release|Any CPU.Build.0 = Release|Any CPU
		{16A3FA6C-9796-4072-B4FA-CA7DC33BAC00}.Debug|Any CPU.ActiveCfg = Debug|Any CPU
		{16A3FA6C-9796-4072-B4FA-CA7DC33BAC00}.Debug|Any CPU.Build.0 = Debug|Any CPU
		{16A3FA6C-9796-4072-B4FA-CA7DC33BAC00}.Release|Any CPU.ActiveCfg = Release|Any CPU
		{16A3FA6C-9796-4072-B4FA-CA7DC33BAC00}.Release|Any CPU.Build.0 = Release|Any CPU
		{EC82B108-4A69-4517-966B-328CF90ED3B5}.Debug|Any CPU.ActiveCfg = Debug|Any CPU
		{EC82B108-4A69-4517-966B-328CF90ED3B5}.Debug|Any CPU.Build.0 = Debug|Any CPU
		{EC82B108-4A69-4517-966B-328CF90ED3B5}.Release|Any CPU.ActiveCfg = Release|Any CPU
		{EC82B108-4A69-4517-966B-328CF90ED3B5}.Release|Any CPU.Build.0 = Release|Any CPU
		{F2A93DB3-B506-49C0-A576-70836DDE9E86}.Debug|Any CPU.ActiveCfg = Debug|Any CPU
		{F2A93DB3-B506-49C0-A576-70836DDE9E86}.Debug|Any CPU.Build.0 = Debug|Any CPU
		{F2A93DB3-B506-49C0-A576-70836DDE9E86}.Release|Any CPU.ActiveCfg = Release|Any CPU
		{F2A93DB3-B506-49C0-A576-70836DDE9E86}.Release|Any CPU.Build.0 = Release|Any CPU
		{B95E802B-B326-4672-9D5C-EFEBDB9B8775}.Debug|Any CPU.ActiveCfg = Debug|Any CPU
		{B95E802B-B326-4672-9D5C-EFEBDB9B8775}.Debug|Any CPU.Build.0 = Debug|Any CPU
		{B95E802B-B326-4672-9D5C-EFEBDB9B8775}.Release|Any CPU.ActiveCfg = Release|Any CPU
		{B95E802B-B326-4672-9D5C-EFEBDB9B8775}.Release|Any CPU.Build.0 = Release|Any CPU
		{37AF831F-CE50-4C6C-B211-E86B6E3138E8}.Debug|Any CPU.ActiveCfg = Debug|Any CPU
		{37AF831F-CE50-4C6C-B211-E86B6E3138E8}.Debug|Any CPU.Build.0 = Debug|Any CPU
		{37AF831F-CE50-4C6C-B211-E86B6E3138E8}.Release|Any CPU.ActiveCfg = Release|Any CPU
		{37AF831F-CE50-4C6C-B211-E86B6E3138E8}.Release|Any CPU.Build.0 = Release|Any CPU
		{8EE02A21-8CD8-40D7-957C-D2E73407B217}.Debug|Any CPU.ActiveCfg = Debug|Any CPU
		{8EE02A21-8CD8-40D7-957C-D2E73407B217}.Debug|Any CPU.Build.0 = Debug|Any CPU
		{8EE02A21-8CD8-40D7-957C-D2E73407B217}.Release|Any CPU.ActiveCfg = Release|Any CPU
		{8EE02A21-8CD8-40D7-957C-D2E73407B217}.Release|Any CPU.Build.0 = Release|Any CPU
		{10278F9E-4134-4A77-A906-A69D077DF153}.Debug|Any CPU.ActiveCfg = Debug|Any CPU
		{10278F9E-4134-4A77-A906-A69D077DF153}.Debug|Any CPU.Build.0 = Debug|Any CPU
		{10278F9E-4134-4A77-A906-A69D077DF153}.Release|Any CPU.ActiveCfg = Release|Any CPU
		{10278F9E-4134-4A77-A906-A69D077DF153}.Release|Any CPU.Build.0 = Release|Any CPU
		{07384685-2222-4085-92A5-81E1B6787C9C}.Debug|Any CPU.ActiveCfg = Debug|Any CPU
		{07384685-2222-4085-92A5-81E1B6787C9C}.Debug|Any CPU.Build.0 = Debug|Any CPU
		{07384685-2222-4085-92A5-81E1B6787C9C}.Release|Any CPU.ActiveCfg = Release|Any CPU
		{07384685-2222-4085-92A5-81E1B6787C9C}.Release|Any CPU.Build.0 = Release|Any CPU
		{724571A8-BF45-4EFE-AB1E-BB065201513B}.Debug|Any CPU.ActiveCfg = Debug|Any CPU
		{724571A8-BF45-4EFE-AB1E-BB065201513B}.Debug|Any CPU.Build.0 = Debug|Any CPU
		{724571A8-BF45-4EFE-AB1E-BB065201513B}.Release|Any CPU.ActiveCfg = Release|Any CPU
		{724571A8-BF45-4EFE-AB1E-BB065201513B}.Release|Any CPU.Build.0 = Release|Any CPU
		{B5808EA5-FE44-450B-9159-FFE411112DE2}.Debug|Any CPU.ActiveCfg = Debug|Any CPU
		{B5808EA5-FE44-450B-9159-FFE411112DE2}.Debug|Any CPU.Build.0 = Debug|Any CPU
		{B5808EA5-FE44-450B-9159-FFE411112DE2}.Release|Any CPU.ActiveCfg = Release|Any CPU
		{B5808EA5-FE44-450B-9159-FFE411112DE2}.Release|Any CPU.Build.0 = Release|Any CPU
		{DB548580-24D9-4317-8568-83E762BB6A86}.Debug|Any CPU.ActiveCfg = Debug|Any CPU
		{DB548580-24D9-4317-8568-83E762BB6A86}.Debug|Any CPU.Build.0 = Debug|Any CPU
		{DB548580-24D9-4317-8568-83E762BB6A86}.Release|Any CPU.ActiveCfg = Release|Any CPU
		{DB548580-24D9-4317-8568-83E762BB6A86}.Release|Any CPU.Build.0 = Release|Any CPU
		{1BF36FA3-1C61-4F16-8825-1415ADB550A0}.Debug|Any CPU.ActiveCfg = Debug|Any CPU
		{1BF36FA3-1C61-4F16-8825-1415ADB550A0}.Debug|Any CPU.Build.0 = Debug|Any CPU
		{1BF36FA3-1C61-4F16-8825-1415ADB550A0}.Release|Any CPU.ActiveCfg = Release|Any CPU
		{1BF36FA3-1C61-4F16-8825-1415ADB550A0}.Release|Any CPU.Build.0 = Release|Any CPU
		{5DB68818-EDA4-42DF-8565-A17FE2AD763E}.Debug|Any CPU.ActiveCfg = Debug|Any CPU
		{5DB68818-EDA4-42DF-8565-A17FE2AD763E}.Debug|Any CPU.Build.0 = Debug|Any CPU
		{5DB68818-EDA4-42DF-8565-A17FE2AD763E}.Release|Any CPU.ActiveCfg = Release|Any CPU
		{5DB68818-EDA4-42DF-8565-A17FE2AD763E}.Release|Any CPU.Build.0 = Release|Any CPU
	EndGlobalSection
	GlobalSection(SolutionProperties) = preSolution
		HideSolutionNode = FALSE
	EndGlobalSection
	GlobalSection(NestedProjects) = preSolution
		{90E0E3A4-A4C6-48DA-8DF4-BDE73B8E88C6} = {32AB61D8-ED46-45C4-9E91-DF5FDAE7849B}
		{2B31A236-7969-46C8-81D9-5DF2E2777D40} = {32AB61D8-ED46-45C4-9E91-DF5FDAE7849B}
		{6C5AE969-40AD-47CD-99BE-50D4E72AC126} = {A120D899-0873-47A9-89EC-E376C1B849D0}
		{51948AAD-B7F2-460A-BC2B-CAAC090ECDFD} = {A120D899-0873-47A9-89EC-E376C1B849D0}
		{F8783799-5D60-441F-A3B6-FFDAAE476A12} = {2D4C5DEA-3522-4C5B-A1C4-65376131C0B8}
		{943FA512-7DE9-47D2-9F9A-5E1DC1628F8E} = {2D4C5DEA-3522-4C5B-A1C4-65376131C0B8}
		{6E5DDA9F-569B-46C9-9920-AB0166517421} = {A401AF48-549D-4F0F-8E29-200229C96030}
		{788250C1-488F-49CD-8B16-05E2D7A7A245} = {A401AF48-549D-4F0F-8E29-200229C96030}
		{7737CC80-0266-4ED8-B265-628A9B0DFBCB} = {A401AF48-549D-4F0F-8E29-200229C96030}
		{ED66D5C0-8D87-4DD6-9E6C-7D21B5BB8585} = {2D4C5DEA-3522-4C5B-A1C4-65376131C0B8}
		{16A3FA6C-9796-4072-B4FA-CA7DC33BAC00} = {2D4C5DEA-3522-4C5B-A1C4-65376131C0B8}
		{EC82B108-4A69-4517-966B-328CF90ED3B5} = {2D4C5DEA-3522-4C5B-A1C4-65376131C0B8}
		{F2A93DB3-B506-49C0-A576-70836DDE9E86} = {A401AF48-549D-4F0F-8E29-200229C96030}
		{B95E802B-B326-4672-9D5C-EFEBDB9B8775} = {11F8D542-D4BA-4F43-AA44-27A1DFCE2F63}
		{37AF831F-CE50-4C6C-B211-E86B6E3138E8} = {A401AF48-549D-4F0F-8E29-200229C96030}
		{8EE02A21-8CD8-40D7-957C-D2E73407B217} = {32AB61D8-ED46-45C4-9E91-DF5FDAE7849B}
		{10278F9E-4134-4A77-A906-A69D077DF153} = {32AB61D8-ED46-45C4-9E91-DF5FDAE7849B}
		{07384685-2222-4085-92A5-81E1B6787C9C} = {11F6266A-55B0-4F9B-B1EA-382E3E5E2D82}
		{724571A8-BF45-4EFE-AB1E-BB065201513B} = {11F6266A-55B0-4F9B-B1EA-382E3E5E2D82}
		{B5808EA5-FE44-450B-9159-FFE411112DE2} = {E3FFFB41-8FC8-46D7-A357-0E3C9AFBD84C}
		{DB548580-24D9-4317-8568-83E762BB6A86} = {E3FFFB41-8FC8-46D7-A357-0E3C9AFBD84C}
		{1BF36FA3-1C61-4F16-8825-1415ADB550A0} = {E3FFFB41-8FC8-46D7-A357-0E3C9AFBD84C}
		{5DB68818-EDA4-42DF-8565-A17FE2AD763E} = {32AB61D8-ED46-45C4-9E91-DF5FDAE7849B}
	EndGlobalSection
EndGlobal
