
Microsoft Visual Studio Solution File, Format Version 12.00
# Visual Studio 14
VisualStudioVersion = 14.0.23107.0
MinimumVisualStudioVersion = 10.0.40219.1
Project("{FAE04EC0-301F-11D3-BF4B-00C04F79EFBC}") = "ExGrtAzure", "ExGrtAzure\ExGrtAzure.csproj", "{90E0E3A4-A4C6-48DA-8DF4-BDE73B8E88C6}"
EndProject
Project("{FAE04EC0-301F-11D3-BF4B-00C04F79EFBC}") = "ExGrtAzure.Tests", "ExGrtAzure.Tests\ExGrtAzure.Tests.csproj", "{2B31A236-7969-46C8-81D9-5DF2E2777D40}"
EndProject
Project("{2150E333-8FDC-42A3-9474-1A3956D46DE8}") = "PublishScripts", "PublishScripts", "{A120D899-0873-47A9-89EC-E376C1B849D0}"
EndProject
Project("{2150E333-8FDC-42A3-9474-1A3956D46DE8}") = "Scripts", "Scripts", "{6C5AE969-40AD-47CD-99BE-50D4E72AC126}"
	ProjectSection(SolutionItems) = preProject
		PublishScripts\Scripts\Deploy-AzureResourceGroup.ps1 = PublishScripts\Scripts\Deploy-AzureResourceGroup.ps1
	EndProjectSection
EndProject
Project("{2150E333-8FDC-42A3-9474-1A3956D46DE8}") = "Templates", "Templates", "{51948AAD-B7F2-460A-BC2B-CAAC090ECDFD}"
	ProjectSection(SolutionItems) = preProject
		PublishScripts\Templates\ExGrtAzure.json = PublishScripts\Templates\ExGrtAzure.json
		PublishScripts\Templates\ExGrtAzure.param.dev.json = PublishScripts\Templates\ExGrtAzure.param.dev.json
	EndProjectSection
EndProject
Project("{2150E333-8FDC-42A3-9474-1A3956D46DE8}") = "01 Interface", "01 Interface", "{2D4C5DEA-3522-4C5B-A1C4-65376131C0B8}"
EndProject
Project("{2150E333-8FDC-42A3-9474-1A3956D46DE8}") = "02 Impl", "02 Impl", "{A401AF48-549D-4F0F-8E29-200229C96030}"
EndProject
Project("{FAE04EC0-301F-11D3-BF4B-00C04F79EFBC}") = "DataProtectInterface", "DataProtectInterface\DataProtectInterface.csproj", "{F8783799-5D60-441F-A3B6-FFDAAE476A12}"
EndProject
Project("{FAE04EC0-301F-11D3-BF4B-00C04F79EFBC}") = "EwsDataInterface", "EwsDataInterface\EwsDataInterface.csproj", "{943FA512-7DE9-47D2-9F9A-5E1DC1628F8E}"
EndProject
Project("{FAE04EC0-301F-11D3-BF4B-00C04F79EFBC}") = "DataProtectImpl", "DataProtectImpl\DataProtectImpl.csproj", "{6E5DDA9F-569B-46C9-9920-AB0166517421}"
EndProject
Project("{FAE04EC0-301F-11D3-BF4B-00C04F79EFBC}") = "TableBlobImpl", "TableBlobImpl\TableBlobImpl.csproj", "{788250C1-488F-49CD-8B16-05E2D7A7A245}"
EndProject
Project("{FAE04EC0-301F-11D3-BF4B-00C04F79EFBC}") = "EwsService", "EwsService\EwsService.csproj", "{7737CC80-0266-4ED8-B265-628A9B0DFBCB}"
EndProject
Project("{FAE04EC0-301F-11D3-BF4B-00C04F79EFBC}") = "LogInterface", "LogInterface\LogInterface.csproj", "{ED66D5C0-8D87-4DD6-9E6C-7D21B5BB8585}"
EndProject
Project("{FAE04EC0-301F-11D3-BF4B-00C04F79EFBC}") = "EwsFrame", "EwsFactory\EwsFrame.csproj", "{16A3FA6C-9796-4072-B4FA-CA7DC33BAC00}"
EndProject
Project("{FAE04EC0-301F-11D3-BF4B-00C04F79EFBC}") = "EwsServiceInterface", "EwsServiceInterface\EwsServiceInterface.csproj", "{EC82B108-4A69-4517-966B-328CF90ED3B5}"
EndProject
Project("{FAE04EC0-301F-11D3-BF4B-00C04F79EFBC}") = "SqlDbImpl", "SqlDbImpl\SqlDbImpl.csproj", "{F2A93DB3-B506-49C0-A576-70836DDE9E86}"
EndProject
Project("{FAE04EC0-301F-11D3-BF4B-00C04F79EFBC}") = "LoginTest", "LoginTest\LoginTest.csproj", "{B95E802B-B326-4672-9D5C-EFEBDB9B8775}"
EndProject
Project("{FAE04EC0-301F-11D3-BF4B-00C04F79EFBC}") = "LogImpl", "LogImpl\LogImpl.csproj", "{37AF831F-CE50-4C6C-B211-E86B6E3138E8}"
EndProject
Global
	GlobalSection(SolutionConfigurationPlatforms) = preSolution
		Debug|Any CPU = Debug|Any CPU
		Release|Any CPU = Release|Any CPU
	EndGlobalSection
	GlobalSection(ProjectConfigurationPlatforms) = postSolution
		{90E0E3A4-A4C6-48DA-8DF4-BDE73B8E88C6}.Debug|Any CPU.ActiveCfg = Debug|Any CPU
		{90E0E3A4-A4C6-48DA-8DF4-BDE73B8E88C6}.Debug|Any CPU.Build.0 = Debug|Any CPU
		{90E0E3A4-A4C6-48DA-8DF4-BDE73B8E88C6}.Release|Any CPU.ActiveCfg = Release|Any CPU
		{90E0E3A4-A4C6-48DA-8DF4-BDE73B8E88C6}.Release|Any CPU.Build.0 = Release|Any CPU
		{2B31A236-7969-46C8-81D9-5DF2E2777D40}.Debug|Any CPU.ActiveCfg = Debug|Any CPU
		{2B31A236-7969-46C8-81D9-5DF2E2777D40}.Debug|Any CPU.Build.0 = Debug|Any CPU
		{2B31A236-7969-46C8-81D9-5DF2E2777D40}.Release|Any CPU.ActiveCfg = Release|Any CPU
		{2B31A236-7969-46C8-81D9-5DF2E2777D40}.Release|Any CPU.Build.0 = Release|Any CPU
		{F8783799-5D60-441F-A3B6-FFDAAE476A12}.Debug|Any CPU.ActiveCfg = Debug|Any CPU
		{F8783799-5D60-441F-A3B6-FFDAAE476A12}.Debug|Any CPU.Build.0 = Debug|Any CPU
		{F8783799-5D60-441F-A3B6-FFDAAE476A12}.Release|Any CPU.ActiveCfg = Release|Any CPU
		{F8783799-5D60-441F-A3B6-FFDAAE476A12}.Release|Any CPU.Build.0 = Release|Any CPU
		{943FA512-7DE9-47D2-9F9A-5E1DC1628F8E}.Debug|Any CPU.ActiveCfg = Debug|Any CPU
		{943FA512-7DE9-47D2-9F9A-5E1DC1628F8E}.Debug|Any CPU.Build.0 = Debug|Any CPU
		{943FA512-7DE9-47D2-9F9A-5E1DC1628F8E}.Release|Any CPU.ActiveCfg = Release|Any CPU
		{943FA512-7DE9-47D2-9F9A-5E1DC1628F8E}.Release|Any CPU.Build.0 = Release|Any CPU
		{6E5DDA9F-569B-46C9-9920-AB0166517421}.Debug|Any CPU.ActiveCfg = Debug|Any CPU
		{6E5DDA9F-569B-46C9-9920-AB0166517421}.Debug|Any CPU.Build.0 = Debug|Any CPU
		{6E5DDA9F-569B-46C9-9920-AB0166517421}.Release|Any CPU.ActiveCfg = Release|Any CPU
		{6E5DDA9F-569B-46C9-9920-AB0166517421}.Release|Any CPU.Build.0 = Release|Any CPU
		{788250C1-488F-49CD-8B16-05E2D7A7A245}.Debug|Any CPU.ActiveCfg = Debug|Any CPU
		{788250C1-488F-49CD-8B16-05E2D7A7A245}.Debug|Any CPU.Build.0 = Debug|Any CPU
		{788250C1-488F-49CD-8B16-05E2D7A7A245}.Release|Any CPU.ActiveCfg = Release|Any CPU
		{788250C1-488F-49CD-8B16-05E2D7A7A245}.Release|Any CPU.Build.0 = Release|Any CPU
		{7737CC80-0266-4ED8-B265-628A9B0DFBCB}.Debug|Any CPU.ActiveCfg = Debug|Any CPU
		{7737CC80-0266-4ED8-B265-628A9B0DFBCB}.Debug|Any CPU.Build.0 = Debug|Any CPU
		{7737CC80-0266-4ED8-B265-628A9B0DFBCB}.Release|Any CPU.ActiveCfg = Release|Any CPU
		{7737CC80-0266-4ED8-B265-628A9B0DFBCB}.Release|Any CPU.Build.0 = Release|Any CPU
		{ED66D5C0-8D87-4DD6-9E6C-7D21B5BB8585}.Debug|Any CPU.ActiveCfg = Debug|Any CPU
		{ED66D5C0-8D87-4DD6-9E6C-7D21B5BB8585}.Debug|Any CPU.Build.0 = Debug|Any CPU
		{ED66D5C0-8D87-4DD6-9E6C-7D21B5BB8585}.Release|Any CPU.ActiveCfg = Release|Any CPU
		{ED66D5C0-8D87-4DD6-9E6C-7D21B5BB8585}.Release|Any CPU.Build.0 = Release|Any CPU
		{16A3FA6C-9796-4072-B4FA-CA7DC33BAC00}.Debug|Any CPU.ActiveCfg = Debug|Any CPU
		{16A3FA6C-9796-4072-B4FA-CA7DC33BAC00}.Debug|Any CPU.Build.0 = Debug|Any CPU
		{16A3FA6C-9796-4072-B4FA-CA7DC33BAC00}.Release|Any CPU.ActiveCfg = Release|Any CPU
		{16A3FA6C-9796-4072-B4FA-CA7DC33BAC00}.Release|Any CPU.Build.0 = Release|Any CPU
		{EC82B108-4A69-4517-966B-328CF90ED3B5}.Debug|Any CPU.ActiveCfg = Debug|Any CPU
		{EC82B108-4A69-4517-966B-328CF90ED3B5}.Debug|Any CPU.Build.0 = Debug|Any CPU
		{EC82B108-4A69-4517-966B-328CF90ED3B5}.Release|Any CPU.ActiveCfg = Release|Any CPU
		{EC82B108-4A69-4517-966B-328CF90ED3B5}.Release|Any CPU.Build.0 = Release|Any CPU
		{F2A93DB3-B506-49C0-A576-70836DDE9E86}.Debug|Any CPU.ActiveCfg = Debug|Any CPU
		{F2A93DB3-B506-49C0-A576-70836DDE9E86}.Debug|Any CPU.Build.0 = Debug|Any CPU
		{F2A93DB3-B506-49C0-A576-70836DDE9E86}.Release|Any CPU.ActiveCfg = Release|Any CPU
		{F2A93DB3-B506-49C0-A576-70836DDE9E86}.Release|Any CPU.Build.0 = Release|Any CPU
		{B95E802B-B326-4672-9D5C-EFEBDB9B8775}.Debug|Any CPU.ActiveCfg = Debug|Any CPU
		{B95E802B-B326-4672-9D5C-EFEBDB9B8775}.Debug|Any CPU.Build.0 = Debug|Any CPU
		{B95E802B-B326-4672-9D5C-EFEBDB9B8775}.Release|Any CPU.ActiveCfg = Release|Any CPU
		{B95E802B-B326-4672-9D5C-EFEBDB9B8775}.Release|Any CPU.Build.0 = Release|Any CPU
		{37AF831F-CE50-4C6C-B211-E86B6E3138E8}.Debug|Any CPU.ActiveCfg = Debug|Any CPU
		{37AF831F-CE50-4C6C-B211-E86B6E3138E8}.Debug|Any CPU.Build.0 = Debug|Any CPU
		{37AF831F-CE50-4C6C-B211-E86B6E3138E8}.Release|Any CPU.ActiveCfg = Release|Any CPU
		{37AF831F-CE50-4C6C-B211-E86B6E3138E8}.Release|Any CPU.Build.0 = Release|Any CPU
	EndGlobalSection
	GlobalSection(SolutionProperties) = preSolution
		HideSolutionNode = FALSE
	EndGlobalSection
	GlobalSection(NestedProjects) = preSolution
		{6C5AE969-40AD-47CD-99BE-50D4E72AC126} = {A120D899-0873-47A9-89EC-E376C1B849D0}
		{51948AAD-B7F2-460A-BC2B-CAAC090ECDFD} = {A120D899-0873-47A9-89EC-E376C1B849D0}
		{F8783799-5D60-441F-A3B6-FFDAAE476A12} = {2D4C5DEA-3522-4C5B-A1C4-65376131C0B8}
		{943FA512-7DE9-47D2-9F9A-5E1DC1628F8E} = {2D4C5DEA-3522-4C5B-A1C4-65376131C0B8}
		{6E5DDA9F-569B-46C9-9920-AB0166517421} = {A401AF48-549D-4F0F-8E29-200229C96030}
		{788250C1-488F-49CD-8B16-05E2D7A7A245} = {A401AF48-549D-4F0F-8E29-200229C96030}
		{7737CC80-0266-4ED8-B265-628A9B0DFBCB} = {A401AF48-549D-4F0F-8E29-200229C96030}
		{ED66D5C0-8D87-4DD6-9E6C-7D21B5BB8585} = {2D4C5DEA-3522-4C5B-A1C4-65376131C0B8}
		{16A3FA6C-9796-4072-B4FA-CA7DC33BAC00} = {2D4C5DEA-3522-4C5B-A1C4-65376131C0B8}
		{EC82B108-4A69-4517-966B-328CF90ED3B5} = {2D4C5DEA-3522-4C5B-A1C4-65376131C0B8}
		{F2A93DB3-B506-49C0-A576-70836DDE9E86} = {A401AF48-549D-4F0F-8E29-200229C96030}
		{37AF831F-CE50-4C6C-B211-E86B6E3138E8} = {A401AF48-549D-4F0F-8E29-200229C96030}
	EndGlobalSection
EndGlobal
